
// !$*UTF8*$!
{
	archiveVersion = 1;
	classes = {
	};
	objectVersion = 46;
	objects = {

/* Begin PBXBuildFile section */
		3BE506F01E32387F00A34485 /* main.cpp in Sources */ = {isa = PBXBuildFile; fileRef = 3BE506EF1E32387F00A34485 /* main.cpp */; };
		3BE506F81E3238A400A34485 /* BSTree.cpp in Sources */ = {isa = PBXBuildFile; fileRef = 3BE506F61E3238A400A34485 /* BSTree.cpp */; };
/* End PBXBuildFile section */
