
// !$*UTF8*$!
{
	archiveVersion = 1;
	classes = {
	};
	objectVersion = 46;
	objects = {

/* Begin PBXBuildFile section */
		3BE506F01E32387F00A34485 /* main.cpp in Sources */ = {isa = PBXBuildFile; fileRef = 3BE506EF1E32387F00A34485 /* main.cpp */; };
		3BE506F81E3238A400A34485 /* BSTree.cpp in Sources */ = {isa = PBXBuildFile; fileRef = 3BE506F61E3238A400A34485 /* BSTree.cpp */; };
/* End PBXBuildFile section */

/* Begin PBXCopyFilesBuildPhase section */
		3BE506EA1E32387F00A34485 /* CopyFiles */ = {
			isa = PBXCopyFilesBuildPhase;
			buildActionMask = 2147483647;
			dstPath = /usr/share/man/man1/;
			dstSubfolderSpec = 0;
			files = (
			);
			runOnlyForDeploymentPostprocessing = 1;
		};
/* End PBXCopyFilesBuildPhase section */

/* Begin PBXFileReference section */
		3BE506EC1E32387F00A34485 /* Algorithm */ = {isa = PBXFileReference; explicitFileType = "compiled.mach-o.executable"; includeInIndex = 0; path = Algorithm; sourceTree = BUILT_PRODUCTS_DIR; };
		3BE506EF1E32387F00A34485 /* main.cpp */ = {isa = PBXFileReference; lastKnownFileType = sourcecode.cpp.cpp; path = main.cpp; sourceTree = "<group>"; };
		3BE506F61E3238A400A34485 /* BSTree.cpp */ = {isa = PBXFileReference; fileEncoding = 4; lastKnownFileType = sourcecode.cpp.cpp; path = BSTree.cpp; sourceTree = "<group>"; };
		3BE506F71E3238A400A34485 /* BSTree.h */ = {isa = PBXFileReference; explicitFileType = sourcecode.cpp.h; fileEncoding = 4; path = BSTree.h; sourceTree = "<group>"; };
/* End PBXFileReference section */

/* Begin PBXFrameworksBuildPhase section */
		3BE506E91E32387F00A34485 /* Frameworks */ = {
			isa = PBXFrameworksBuildPhase;
			buildActionMask = 2147483647;
			files = (
			);
			runOnlyForDeploymentPostprocessing = 0;
		};
/* End PBXFrameworksBuildPhase section */

/* Begin PBXGroup section */
		3BE506E31E32387F00A34485 = {
			isa = PBXGroup;
			children = (
				3BE506EE1E32387F00A34485 /* Algorithm */,
				3BE506ED1E32387F00A34485 /* Products */,
			);
			sourceTree = "<group>";
		};
		3BE506ED1E32387F00A34485 /* Products */ = {
			isa = PBXGroup;
			children = (
				3BE506EC1E32387F00A34485 /* Algorithm */,
			);
			name = Products;
			sourceTree = "<group>";
		};
		3BE506EE1E32387F00A34485 /* Algorithm */ = {
			isa = PBXGroup;
			children = (
				3BE506F71E3238A400A34485 /* BSTree.h */,
				3BE506F61E3238A400A34485 /* BSTree.cpp */,
				3BE506EF1E32387F00A34485 /* main.cpp */,
			);
			path = Algorithm;
			sourceTree = "<group>";
			usesTabs = 1;
		};
/* End PBXGroup section */

/* Begin PBXNativeTarget section */
		3BE506EB1E32387F00A34485 /* Algorithm */ = {
			isa = PBXNativeTarget;
			buildConfigurationList = 3BE506F31E32387F00A34485 /* Build configuration list for PBXNativeTarget "Algorithm" */;
			buildPhases = (
				3BE506E81E32387F00A34485 /* Sources */,
				3BE506E91E32387F00A34485 /* Frameworks */,
				3BE506EA1E32387F00A34485 /* CopyFiles */,
			);
			buildRules = (
			);
			dependencies = (
			);
			name = Algorithm;
			productName = Algorithm;
			productReference = 3BE506EC1E32387F00A34485 /* Algorithm */;
			productType = "com.apple.product-type.tool";
		};
/* End PBXNativeTarget section */

/* Begin PBXProject section */
		3BE506E41E32387F00A34485 /* Project object */ = {
			isa = PBXProject;
			attributes = {
				LastUpgradeCheck = 0640;
				ORGANIZATIONNAME = "Freya Hayashi";
				TargetAttributes = {
					3BE506EB1E32387F00A34485 = {
						CreatedOnToolsVersion = 6.4;
					};
				};
			};
			buildConfigurationList = 3BE506E71E32387F00A34485 /* Build configuration list for PBXProject "Algorithm" */;